Microsoft Visual Studio Solution File, Format Version 12.00
# Visual Studio 2012
Project("{FAE04EC0-301F-11D3-BF4B-00C04F79EFBC}") = "Clean_Laptop", "Clean_Laptop.csproj", "{8BC69D25-B579-4F11-BEDF-3EF21E04C9FF}"
EndProject
Global
	GlobalSection(SolutionConfigurationPlatforms) = preSolution
	Debug|Any CPU = Debug|Any CPU
	ExportDebug|Any CPU = ExportDebug|Any CPU
	ExportRelease|Any CPU = ExportRelease|Any CPU
	EndGlobalSection
	GlobalSection(ProjectConfigurationPlatforms) = postSolution
		{8BC69D25-B579-4F11-BEDF-3EF21E04C9FF}.Debug|Any CPU.ActiveCfg = Debug|Any CPU
		{8BC69D25-B579-4F11-BEDF-3EF21E04C9FF}.Debug|Any CPU.Build.0 = Debug|Any CPU
		{8BC69D25-B579-4F11-BEDF-3EF21E04C9FF}.ExportDebug|Any CPU.ActiveCfg = ExportDebug|Any CPU
		{8BC69D25-B579-4F11-BEDF-3EF21E04C9FF}.ExportDebug|Any CPU.Build.0 = ExportDebug|Any CPU
		{8BC69D25-B579-4F11-BEDF-3EF21E04C9FF}.ExportRelease|Any CPU.ActiveCfg = ExportRelease|Any CPU
		{8BC69D25-B579-4F11-BEDF-3EF21E04C9FF}.ExportRelease|Any CPU.Build.0 = ExportRelease|Any CPU
	EndGlobalSection
EndGlobal
